<?xml version="1.0" encoding="UTF-8" standalone="yes" ?>
<CodeBlocks_project_file>
	<FileVersion major="1" minor="6" />
	<Project>
		<Option title="wataworld" />
		<Option pch_mode="2" />
		<Option compiler="gcc" />
		<Build>
			<Target title="Debug">
				<Option output="../cmp/wata/bin/Debug/wataworld" prefix_auto="1" extension_auto="1" />
				<Option working_dir="E:/project2/irrlicht-1.8.1/bin/Win32-gcc" />
				<Option object_output="../cmp/wata/obj/Debug/" />
				<Option type="1" />
				<Option compiler="gcc" />
				<Compiler>
					<Add option="-g" />
					<Add directory="include" />
				</Compiler>
				<Linker>
					<Add library="$(irrlicht)\lib\Win32-gcc\libIrrlicht.a" />
				</Linker>
			</Target>
			<Target title="Release">
				<Option output="bin/Release/wataworld" prefix_auto="1" extension_auto="1" />
				<Option working_dir="E:/project2/irrlicht-1.8.1/bin/Win32-gcc" />
				<Option object_output="obj/Release/" />
				<Option type="0" />
				<Option compiler="gcc" />
				<Compiler>
					<Add option="-O2" />
					<Add directory="include" />
				</Compiler>
				<Linker>
					<Add option="-s" />
				</Linker>
			</Target>
		</Build>
		<Compiler>
			<Add option="-Wall" />
			<Add directory="E:/project2/irrlicht-1.8.1/include" />
		</Compiler>
		<Linker>
			<Add library="Irrlicht" />
			<Add library="opengl32" />
			<Add library="glu32" />
			<Add library="gdi32" />
			<Add directory="E:/project2/irrlicht-1.8.1/lib/Win32-gcc" />
		</Linker>
		<Unit filename="include/fMapGen.h" />
		<Unit filename="include/fMathGenerator.h" />
		<Unit filename="include/fParamLSys.h" />
		<Unit filename="include/fRandomGenDLA.h" />
		<Unit filename="include/fRandomGenWorley.h" />
		<Unit filename="include/fTextureCreator.h" />
		<Unit filename="include/fTreeGenSys.h" />
		<Unit filename="main.cpp" />
		<Unit filename="src/fMapGen.cpp" />
		<Unit filename="src/fMathGenerator.cpp" />
		<Unit filename="src/fParamLSys.cpp" />
		<Unit filename="src/fRandomGenDLA.cpp" />
		<Unit filename="src/fRandomGenWorley.cpp" />
		<Unit filename="src/fTextureCreator.cpp" />
		<Unit filename="src/fTreeGenSys.cpp" />
		<Extensions>
			<code_completion />
			<envvars />
			<debugger />
		</Extensions>
	</Project>
</CodeBlocks_project_file>
